
Microsoft Visual Studio Solution File, Format Version 12.00
# Visual Studio Version 17
VisualStudioVersion = 17.9.34701.34
MinimumVisualStudioVersion = 10.0.40219.1
Project("{9A19103F-16F7-4668-BE54-9A1E7A4F7556}") = "0001. Two Sum", "0001. Two Sum\0001. Two Sum.csproj", "{317A3A10-C73D-4BEE-B344-23AA10C92587}"
EndProject
Project("{9A19103F-16F7-4668-BE54-9A1E7A4F7556}") = "0002. Add Two Numbers", "0002. Add Two Numbers\0002. Add Two Numbers.csproj", "{4D800252-52E1-4C49-A825-C3B95047D7C8}"
EndProject
Project("{9A19103F-16F7-4668-BE54-9A1E7A4F7556}") = "0003. Longest Substring Without Repeating Characters", "0003. Longest Substring Without Repeating Characters\0003. Longest Substring Without Repeating Characters.csproj", "{8BA04F0A-3E86-4097-A64C-4005E4861D0D}"
EndProject
Project("{9A19103F-16F7-4668-BE54-9A1E7A4F7556}") = "0004. Median of Two Sorted Arrays", "0004. Median of Two Sorted Arrays\0004. Median of Two Sorted Arrays.csproj", "{94A88A89-D248-41B8-95BC-4C08FBA79AFF}"
EndProject
Project("{9A19103F-16F7-4668-BE54-9A1E7A4F7556}") = "0005. Longest Palindromic Substring", "0005. Longest Palindromic Substring\0005. Longest Palindromic Substring.csproj", "{AEA19444-1093-42E9-9D90-55BE56162CB5}"
EndProject
Project("{9A19103F-16F7-4668-BE54-9A1E7A4F7556}") = "0006. Zigzag Conversion", "0006. Zigzag Conversion\0006. Zigzag Conversion.csproj", "{86A63003-AE4C-42C1-821F-C6D3165855FB}"
EndProject
Project("{9A19103F-16F7-4668-BE54-9A1E7A4F7556}") = "0007. Reverse Integer", "0007. Reverse Integer\0007. Reverse Integer.csproj", "{E4349E2D-591D-48CF-A7C6-788A2FA7BE63}"
EndProject
Project("{9A19103F-16F7-4668-BE54-9A1E7A4F7556}") = "0008. String to Integer (atoi)", "0008. String to Integer (atoi)\0008. String to Integer (atoi).csproj", "{7E1725F6-69E5-4968-A6C4-22A4077263F7}"
EndProject
Project("{9A19103F-16F7-4668-BE54-9A1E7A4F7556}") = "0009. Palindrome Number", "0009. Palindrome Number\0009. Palindrome Number.csproj", "{C884C5A8-F8FA-4322-B327-27CD0AFD8351}"
EndProject
Project("{9A19103F-16F7-4668-BE54-9A1E7A4F7556}") = "0010. Regular Expression Matching", "0010. Regular Expression Matching\0010. Regular Expression Matching.csproj", "{5F917CD1-F667-4019-8964-B2C41C1D2CA7}"
EndProject
Project("{9A19103F-16F7-4668-BE54-9A1E7A4F7556}") = "0011. Container With Most Water", "0011. Container With Most Water\0011. Container With Most Water.csproj", "{70654DFB-427A-44FC-A6DD-EC3D75E199B1}"
EndProject
Project("{9A19103F-16F7-4668-BE54-9A1E7A4F7556}") = "0012. Integer to Roman", "0012. Integer to Roman\0012. Integer to Roman.csproj", "{6804A0A0-8435-4AC4-82FD-9E2EF2DF589D}"
EndProject
Project("{9A19103F-16F7-4668-BE54-9A1E7A4F7556}") = "0013. Roman to Integer", "0013. Roman to Integer\0013. Roman to Integer.csproj", "{0293A508-41E3-4424-AA9C-E6145FFFCE9B}"
EndProject
Project("{9A19103F-16F7-4668-BE54-9A1E7A4F7556}") = "0014. Longest Common Prefix", "0014. Longest Common Prefix\0014. Longest Common Prefix.csproj", "{544F19A8-3DBB-4687-8136-64E06686A852}"
EndProject
Project("{9A19103F-16F7-4668-BE54-9A1E7A4F7556}") = "0015. 3Sum", "0015. 3Sum\0015. 3Sum.csproj", "{8E365C43-B563-4743-90D6-8EAE02440719}"
EndProject
Project("{9A19103F-16F7-4668-BE54-9A1E7A4F7556}") = "0016. 3Sum Closest", "0016. 3Sum Closest\0016. 3Sum Closest.csproj", "{CE8EDDA9-0467-4F55-9C9F-B4DBBCD4B6AD}"
EndProject
Project("{9A19103F-16F7-4668-BE54-9A1E7A4F7556}") = "0017. Letter Combinations of a Phone Number", "0017. Letter Combinations of a Phone Number\0017. Letter Combinations of a Phone Number.csproj", "{9F0E0F64-BEC3-4E13-A006-E7323AFE9DCD}"
EndProject
Project("{9A19103F-16F7-4668-BE54-9A1E7A4F7556}") = "0018. 4Sum", "0018. 4Sum\0018. 4Sum.csproj", "{AA453246-2F17-45C9-A4C4-E220BB242C77}"
EndProject
Project("{9A19103F-16F7-4668-BE54-9A1E7A4F7556}") = "0019. Remove Nth Node From End of List", "0019. Remove Nth Node From End of List\0019. Remove Nth Node From End of List.csproj", "{2A131224-6F61-4110-9FD9-862C2AD6E23F}"
EndProject
Project("{9A19103F-16F7-4668-BE54-9A1E7A4F7556}") = "0020. Valid Parentheses", "0020. Valid Parentheses\0020. Valid Parentheses.csproj", "{5CAFA78B-E6EC-4125-9AA4-DC1459A80C17}"
EndProject
Project("{9A19103F-16F7-4668-BE54-9A1E7A4F7556}") = "0217. Contains Duplicate", "0217. Contains Duplicate\0217. Contains Duplicate.csproj", "{933307B2-D483-4661-A836-5396C3834409}"
EndProject
Project("{9A19103F-16F7-4668-BE54-9A1E7A4F7556}") = "0242. Valid Anagram", "0242. Valid Anagram\0242. Valid Anagram.csproj", "{3CC76366-475C-4B28-B416-2CB8CCF8D85B}"
EndProject
Project("{FAE04EC0-301F-11D3-BF4B-00C04F79EFBC}") = "0049. Group Anagrams", "0049. Group Anagrams\0049. Group Anagrams.csproj", "{A6C95A34-C708-4392-ABA0-7EC89C6B270D}"
EndProject
Project("{FAE04EC0-301F-11D3-BF4B-00C04F79EFBC}") = "0347. Top K Frequent Elements", "0347. Top K Frequent Elements\0347. Top K Frequent Elements.csproj", "{09D4F9FC-3020-4139-AEFB-DB388B493C45}"
EndProject
Global
	GlobalSection(SolutionConfigurationPlatforms) = preSolution
		Debug|Any CPU = Debug|Any CPU
		Release|Any CPU = Release|Any CPU
	EndGlobalSection
	GlobalSection(ProjectConfigurationPlatforms) = postSolution
		{317A3A10-C73D-4BEE-B344-23AA10C92587}.Debug|Any CPU.ActiveCfg = Debug|Any CPU
		{317A3A10-C73D-4BEE-B344-23AA10C92587}.Debug|Any CPU.Build.0 = Debug|Any CPU
		{317A3A10-C73D-4BEE-B344-23AA10C92587}.Release|Any CPU.ActiveCfg = Release|Any CPU
		{317A3A10-C73D-4BEE-B344-23AA10C92587}.Release|Any CPU.Build.0 = Release|Any CPU
		{4D800252-52E1-4C49-A825-C3B95047D7C8}.Debug|Any CPU.ActiveCfg = Debug|Any CPU
		{4D800252-52E1-4C49-A825-C3B95047D7C8}.Debug|Any CPU.Build.0 = Debug|Any CPU
		{4D800252-52E1-4C49-A825-C3B95047D7C8}.Release|Any CPU.ActiveCfg = Release|Any CPU
		{4D800252-52E1-4C49-A825-C3B95047D7C8}.Release|Any CPU.Build.0 = Release|Any CPU
		{8BA04F0A-3E86-4097-A64C-4005E4861D0D}.Debug|Any CPU.ActiveCfg = Debug|Any CPU
		{8BA04F0A-3E86-4097-A64C-4005E4861D0D}.Debug|Any CPU.Build.0 = Debug|Any CPU
		{8BA04F0A-3E86-4097-A64C-4005E4861D0D}.Release|Any CPU.ActiveCfg = Release|Any CPU
		{8BA04F0A-3E86-4097-A64C-4005E4861D0D}.Release|Any CPU.Build.0 = Release|Any CPU
		{94A88A89-D248-41B8-95BC-4C08FBA79AFF}.Debug|Any CPU.ActiveCfg = Debug|Any CPU
		{94A88A89-D248-41B8-95BC-4C08FBA79AFF}.Debug|Any CPU.Build.0 = Debug|Any CPU
		{94A88A89-D248-41B8-95BC-4C08FBA79AFF}.Release|Any CPU.ActiveCfg = Release|Any CPU
		{94A88A89-D248-41B8-95BC-4C08FBA79AFF}.Release|Any CPU.Build.0 = Release|Any CPU
		{AEA19444-1093-42E9-9D90-55BE56162CB5}.Debug|Any CPU.ActiveCfg = Debug|Any CPU
		{AEA19444-1093-42E9-9D90-55BE56162CB5}.Debug|Any CPU.Build.0 = Debug|Any CPU
		{AEA19444-1093-42E9-9D90-55BE56162CB5}.Release|Any CPU.ActiveCfg = Release|Any CPU
		{AEA19444-1093-42E9-9D90-55BE56162CB5}.Release|Any CPU.Build.0 = Release|Any CPU
		{86A63003-AE4C-42C1-821F-C6D3165855FB}.Debug|Any CPU.ActiveCfg = Debug|Any CPU
		{86A63003-AE4C-42C1-821F-C6D3165855FB}.Debug|Any CPU.Build.0 = Debug|Any CPU
		{86A63003-AE4C-42C1-821F-C6D3165855FB}.Release|Any CPU.ActiveCfg = Release|Any CPU
		{86A63003-AE4C-42C1-821F-C6D3165855FB}.Release|Any CPU.Build.0 = Release|Any CPU
		{E4349E2D-591D-48CF-A7C6-788A2FA7BE63}.Debug|Any CPU.ActiveCfg = Debug|Any CPU
		{E4349E2D-591D-48CF-A7C6-788A2FA7BE63}.Debug|Any CPU.Build.0 = Debug|Any CPU
		{E4349E2D-591D-48CF-A7C6-788A2FA7BE63}.Release|Any CPU.ActiveCfg = Release|Any CPU
		{E4349E2D-591D-48CF-A7C6-788A2FA7BE63}.Release|Any CPU.Build.0 = Release|Any CPU
		{7E1725F6-69E5-4968-A6C4-22A4077263F7}.Debug|Any CPU.ActiveCfg = Debug|Any CPU
		{7E1725F6-69E5-4968-A6C4-22A4077263F7}.Debug|Any CPU.Build.0 = Debug|Any CPU
		{7E1725F6-69E5-4968-A6C4-22A4077263F7}.Release|Any CPU.ActiveCfg = Release|Any CPU
		{7E1725F6-69E5-4968-A6C4-22A4077263F7}.Release|Any CPU.Build.0 = Release|Any CPU
		{C884C5A8-F8FA-4322-B327-27CD0AFD8351}.Debug|Any CPU.ActiveCfg = Debug|Any CPU
		{C884C5A8-F8FA-4322-B327-27CD0AFD8351}.Debug|Any CPU.Build.0 = Debug|Any CPU
		{C884C5A8-F8FA-4322-B327-27CD0AFD8351}.Release|Any CPU.ActiveCfg = Release|Any CPU
		{C884C5A8-F8FA-4322-B327-27CD0AFD8351}.Release|Any CPU.Build.0 = Release|Any CPU
		{5F917CD1-F667-4019-8964-B2C41C1D2CA7}.Debug|Any CPU.ActiveCfg = Debug|Any CPU
		{5F917CD1-F667-4019-8964-B2C41C1D2CA7}.Debug|Any CPU.Build.0 = Debug|Any CPU
		{5F917CD1-F667-4019-8964-B2C41C1D2CA7}.Release|Any CPU.ActiveCfg = Release|Any CPU
		{5F917CD1-F667-4019-8964-B2C41C1D2CA7}.Release|Any CPU.Build.0 = Release|Any CPU
		{70654DFB-427A-44FC-A6DD-EC3D75E199B1}.Debug|Any CPU.ActiveCfg = Debug|Any CPU
		{70654DFB-427A-44FC-A6DD-EC3D75E199B1}.Debug|Any CPU.Build.0 = Debug|Any CPU
		{70654DFB-427A-44FC-A6DD-EC3D75E199B1}.Release|Any CPU.ActiveCfg = Release|Any CPU
		{70654DFB-427A-44FC-A6DD-EC3D75E199B1}.Release|Any CPU.Build.0 = Release|Any CPU
		{6804A0A0-8435-4AC4-82FD-9E2EF2DF589D}.Debug|Any CPU.ActiveCfg = Debug|Any CPU
		{6804A0A0-8435-4AC4-82FD-9E2EF2DF589D}.Debug|Any CPU.Build.0 = Debug|Any CPU
		{6804A0A0-8435-4AC4-82FD-9E2EF2DF589D}.Release|Any CPU.ActiveCfg = Release|Any CPU
		{6804A0A0-8435-4AC4-82FD-9E2EF2DF589D}.Release|Any CPU.Build.0 = Release|Any CPU
		{0293A508-41E3-4424-AA9C-E6145FFFCE9B}.Debug|Any CPU.ActiveCfg = Debug|Any CPU
		{0293A508-41E3-4424-AA9C-E6145FFFCE9B}.Debug|Any CPU.Build.0 = Debug|Any CPU
		{0293A508-41E3-4424-AA9C-E6145FFFCE9B}.Release|Any CPU.ActiveCfg = Release|Any CPU
		{0293A508-41E3-4424-AA9C-E6145FFFCE9B}.Release|Any CPU.Build.0 = Release|Any CPU
		{544F19A8-3DBB-4687-8136-64E06686A852}.Debug|Any CPU.ActiveCfg = Debug|Any CPU
		{544F19A8-3DBB-4687-8136-64E06686A852}.Debug|Any CPU.Build.0 = Debug|Any CPU
		{544F19A8-3DBB-4687-8136-64E06686A852}.Release|Any CPU.ActiveCfg = Release|Any CPU
		{544F19A8-3DBB-4687-8136-64E06686A852}.Release|Any CPU.Build.0 = Release|Any CPU
		{8E365C43-B563-4743-90D6-8EAE02440719}.Debug|Any CPU.ActiveCfg = Debug|Any CPU
		{8E365C43-B563-4743-90D6-8EAE02440719}.Debug|Any CPU.Build.0 = Debug|Any CPU
		{8E365C43-B563-4743-90D6-8EAE02440719}.Release|Any CPU.ActiveCfg = Release|Any CPU
		{8E365C43-B563-4743-90D6-8EAE02440719}.Release|Any CPU.Build.0 = Release|Any CPU
		{CE8EDDA9-0467-4F55-9C9F-B4DBBCD4B6AD}.Debug|Any CPU.ActiveCfg = Debug|Any CPU
		{CE8EDDA9-0467-4F55-9C9F-B4DBBCD4B6AD}.Debug|Any CPU.Build.0 = Debug|Any CPU
		{CE8EDDA9-0467-4F55-9C9F-B4DBBCD4B6AD}.Release|Any CPU.ActiveCfg = Release|Any CPU
		{CE8EDDA9-0467-4F55-9C9F-B4DBBCD4B6AD}.Release|Any CPU.Build.0 = Release|Any CPU
		{9F0E0F64-BEC3-4E13-A006-E7323AFE9DCD}.Debug|Any CPU.ActiveCfg = Debug|Any CPU
		{9F0E0F64-BEC3-4E13-A006-E7323AFE9DCD}.Debug|Any CPU.Build.0 = Debug|Any CPU
		{9F0E0F64-BEC3-4E13-A006-E7323AFE9DCD}.Release|Any CPU.ActiveCfg = Release|Any CPU
		{9F0E0F64-BEC3-4E13-A006-E7323AFE9DCD}.Release|Any CPU.Build.0 = Release|Any CPU
		{AA453246-2F17-45C9-A4C4-E220BB242C77}.Debug|Any CPU.ActiveCfg = Debug|Any CPU
		{AA453246-2F17-45C9-A4C4-E220BB242C77}.Debug|Any CPU.Build.0 = Debug|Any CPU
		{AA453246-2F17-45C9-A4C4-E220BB242C77}.Release|Any CPU.ActiveCfg = Release|Any CPU
		{AA453246-2F17-45C9-A4C4-E220BB242C77}.Release|Any CPU.Build.0 = Release|Any CPU
		{2A131224-6F61-4110-9FD9-862C2AD6E23F}.Debug|Any CPU.ActiveCfg = Debug|Any CPU
		{2A131224-6F61-4110-9FD9-862C2AD6E23F}.Debug|Any CPU.Build.0 = Debug|Any CPU
		{2A131224-6F61-4110-9FD9-862C2AD6E23F}.Release|Any CPU.ActiveCfg = Release|Any CPU
		{2A131224-6F61-4110-9FD9-862C2AD6E23F}.Release|Any CPU.Build.0 = Release|Any CPU
		{5CAFA78B-E6EC-4125-9AA4-DC1459A80C17}.Debug|Any CPU.ActiveCfg = Debug|Any CPU
		{5CAFA78B-E6EC-4125-9AA4-DC1459A80C17}.Debug|Any CPU.Build.0 = Debug|Any CPU
		{5CAFA78B-E6EC-4125-9AA4-DC1459A80C17}.Release|Any CPU.ActiveCfg = Release|Any CPU
		{5CAFA78B-E6EC-4125-9AA4-DC1459A80C17}.Release|Any CPU.Build.0 = Release|Any CPU
		{933307B2-D483-4661-A836-5396C3834409}.Debug|Any CPU.ActiveCfg = Debug|Any CPU
		{933307B2-D483-4661-A836-5396C3834409}.Debug|Any CPU.Build.0 = Debug|Any CPU
		{933307B2-D483-4661-A836-5396C3834409}.Release|Any CPU.ActiveCfg = Release|Any CPU
		{933307B2-D483-4661-A836-5396C3834409}.Release|Any CPU.Build.0 = Release|Any CPU
		{3CC76366-475C-4B28-B416-2CB8CCF8D85B}.Debug|Any CPU.ActiveCfg = Debug|Any CPU
		{3CC76366-475C-4B28-B416-2CB8CCF8D85B}.Debug|Any CPU.Build.0 = Debug|Any CPU
		{3CC76366-475C-4B28-B416-2CB8CCF8D85B}.Release|Any CPU.ActiveCfg = Release|Any CPU
		{3CC76366-475C-4B28-B416-2CB8CCF8D85B}.Release|Any CPU.Build.0 = Release|Any CPU
		{A6C95A34-C708-4392-ABA0-7EC89C6B270D}.Debug|Any CPU.ActiveCfg = Debug|Any CPU
		{A6C95A34-C708-4392-ABA0-7EC89C6B270D}.Debug|Any CPU.Build.0 = Debug|Any CPU
		{A6C95A34-C708-4392-ABA0-7EC89C6B270D}.Release|Any CPU.ActiveCfg = Release|Any CPU
		{A6C95A34-C708-4392-ABA0-7EC89C6B270D}.Release|Any CPU.Build.0 = Release|Any CPU
		{09D4F9FC-3020-4139-AEFB-DB388B493C45}.Debug|Any CPU.ActiveCfg = Debug|Any CPU
		{09D4F9FC-3020-4139-AEFB-DB388B493C45}.Debug|Any CPU.Build.0 = Debug|Any CPU
		{09D4F9FC-3020-4139-AEFB-DB388B493C45}.Release|Any CPU.ActiveCfg = Release|Any CPU
		{09D4F9FC-3020-4139-AEFB-DB388B493C45}.Release|Any CPU.Build.0 = Release|Any CPU
	EndGlobalSection
	GlobalSection(SolutionProperties) = preSolution
		HideSolutionNode = FALSE
	EndGlobalSection
	GlobalSection(ExtensibilityGlobals) = postSolution
		SolutionGuid = {5DBE12CE-BF96-46C4-8317-B0029ED7978C}
	EndGlobalSection
EndGlobal
