
Microsoft Visual Studio Solution File, Format Version 12.00
# Visual Studio Version 17
VisualStudioVersion = 17.9.34701.34
MinimumVisualStudioVersion = 10.0.40219.1
Project("{9A19103F-16F7-4668-BE54-9A1E7A4F7556}") = "0001. Two Sum", "0001. Two Sum\0001. Two Sum.csproj", "{317A3A10-C73D-4BEE-B344-23AA10C92587}"
EndProject
Project("{9A19103F-16F7-4668-BE54-9A1E7A4F7556}") = "0002. Add Two Numbers", "0002. Add Two Numbers\0002. Add Two Numbers.csproj", "{4D800252-52E1-4C49-A825-C3B95047D7C8}"
EndProject
Project("{9A19103F-16F7-4668-BE54-9A1E7A4F7556}") = "0003. Longest Substring Without Repeating Characters", "0003. Longest Substring Without Repeating Characters\0003. Longest Substring Without Repeating Characters.csproj", "{8BA04F0A-3E86-4097-A64C-4005E4861D0D}"
EndProject
Project("{9A19103F-16F7-4668-BE54-9A1E7A4F7556}") = "0004. Median of Two Sorted Arrays", "0004. Median of Two Sorted Arrays\0004. Median of Two Sorted Arrays.csproj", "{94A88A89-D248-41B8-95BC-4C08FBA79AFF}"
EndProject
Project("{9A19103F-16F7-4668-BE54-9A1E7A4F7556}") = "0005. Longest Palindromic Substring", "0005. Longest Palindromic Substring\0005. Longest Palindromic Substring.csproj", "{AEA19444-1093-42E9-9D90-55BE56162CB5}"
EndProject
Project("{9A19103F-16F7-4668-BE54-9A1E7A4F7556}") = "0006. Zigzag Conversion", "0006. Zigzag Conversion\0006. Zigzag Conversion.csproj", "{86A63003-AE4C-42C1-821F-C6D3165855FB}"
EndProject
Project("{9A19103F-16F7-4668-BE54-9A1E7A4F7556}") = "0007. Reverse Integer", "0007. Reverse Integer\0007. Reverse Integer.csproj", "{E4349E2D-591D-48CF-A7C6-788A2FA7BE63}"
EndProject
Project("{9A19103F-16F7-4668-BE54-9A1E7A4F7556}") = "0008. String to Integer (atoi)", "0008. String to Integer (atoi)\0008. String to Integer (atoi).csproj", "{7E1725F6-69E5-4968-A6C4-22A4077263F7}"
EndProject
Project("{9A19103F-16F7-4668-BE54-9A1E7A4F7556}") = "0009. Palindrome Number", "0009. Palindrome Number\0009. Palindrome Number.csproj", "{C884C5A8-F8FA-4322-B327-27CD0AFD8351}"
EndProject
Project("{9A19103F-16F7-4668-BE54-9A1E7A4F7556}") = "0010. Regular Expression Matching", "0010. Regular Expression Matching\0010. Regular Expression Matching.csproj", "{5F917CD1-F667-4019-8964-B2C41C1D2CA7}"
EndProject
Project("{9A19103F-16F7-4668-BE54-9A1E7A4F7556}") = "0011. Container With Most Water", "0011. Container With Most Water\0011. Container With Most Water.csproj", "{70654DFB-427A-44FC-A6DD-EC3D75E199B1}"
EndProject
Project("{9A19103F-16F7-4668-BE54-9A1E7A4F7556}") = "0012. Integer to Roman", "0012. Integer to Roman\0012. Integer to Roman.csproj", "{6804A0A0-8435-4AC4-82FD-9E2EF2DF589D}"
EndProject
Project("{9A19103F-16F7-4668-BE54-9A1E7A4F7556}") = "0013. Roman to Integer", "0013. Roman to Integer\0013. Roman to Integer.csproj", "{0293A508-41E3-4424-AA9C-E6145FFFCE9B}"
EndProject
Project("{9A19103F-16F7-4668-BE54-9A1E7A4F7556}") = "0014. Longest Common Prefix", "0014. Longest Common Prefix\0014. Longest Common Prefix.csproj", "{544F19A8-3DBB-4687-8136-64E06686A852}"
EndProject
Project("{9A19103F-16F7-4668-BE54-9A1E7A4F7556}") = "0015. 3Sum", "0015. 3Sum\0015. 3Sum.csproj", "{8E365C43-B563-4743-90D6-8EAE02440719}"
EndProject
Project("{9A19103F-16F7-4668-BE54-9A1E7A4F7556}") = "0016. 3Sum Closest", "0016. 3Sum Closest\0016. 3Sum Closest.csproj", "{CE8EDDA9-0467-4F55-9C9F-B4DBBCD4B6AD}"
EndProject
Project("{9A19103F-16F7-4668-BE54-9A1E7A4F7556}") = "0017. Letter Combinations of a Phone Number", "0017. Letter Combinations of a Phone Number\0017. Letter Combinations of a Phone Number.csproj", "{9F0E0F64-BEC3-4E13-A006-E7323AFE9DCD}"
EndProject
Project("{9A19103F-16F7-4668-BE54-9A1E7A4F7556}") = "0018. 4Sum", "0018. 4Sum\0018. 4Sum.csproj", "{AA453246-2F17-45C9-A4C4-E220BB242C77}"
EndProject
Project("{9A19103F-16F7-4668-BE54-9A1E7A4F7556}") = "0019. Remove Nth Node From End of List", "0019. Remove Nth Node From End of List\0019. Remove Nth Node From End of List.csproj", "{2A131224-6F61-4110-9FD9-862C2AD6E23F}"
EndProject
Project("{9A19103F-16F7-4668-BE54-9A1E7A4F7556}") = "0020. Valid Parentheses", "0020. Valid Parentheses\0020. Valid Parentheses.csproj", "{5CAFA78B-E6EC-4125-9AA4-DC1459A80C17}"
EndProject
Project("{9A19103F-16F7-4668-BE54-9A1E7A4F7556}") = "0217. Contains Duplicate", "0217. Contains Duplicate\0217. Contains Duplicate.csproj", "{933307B2-D483-4661-A836-5396C3834409}"
EndProject
Project("{9A19103F-16F7-4668-BE54-9A1E7A4F7556}") = "0242. Valid Anagram", "0242. Valid Anagram\0242. Valid Anagram.csproj", "{3CC76366-475C-4B28-B416-2CB8CCF8D85B}"
EndProject
Project("{9A19103F-16F7-4668-BE54-9A1E7A4F7556}") = "0049. Group Anagrams", "0049. Group Anagrams\0049. Group Anagrams.csproj", "{A6C95A34-C708-4392-ABA0-7EC89C6B270D}"
EndProject
Project("{9A19103F-16F7-4668-BE54-9A1E7A4F7556}") = "0347. Top K Frequent Elements", "0347. Top K Frequent Elements\0347. Top K Frequent Elements.csproj", "{09D4F9FC-3020-4139-AEFB-DB388B493C45}"
EndProject
Project("{9A19103F-16F7-4668-BE54-9A1E7A4F7556}") = "0238. Product of Array Except Self", "0238. Product of Array Except Self\0238. Product of Array Except Self.csproj", "{63C6A1C4-AD01-43BA-AB0B-F6A3F6E3AF98}"
EndProject
Project("{9A19103F-16F7-4668-BE54-9A1E7A4F7556}") = "0036. Valid Sudoku", "0036. Valid Sudoku\0036. Valid Sudoku.csproj", "{6E9F6211-7019-4117-AD2C-C8DD9653F045}"
EndProject
Project("{9A19103F-16F7-4668-BE54-9A1E7A4F7556}") = "0128. Longest Consecutive Sequence", "0128. Longest Consecutive Sequence\0128. Longest Consecutive Sequence.csproj", "{CFF241E9-080D-4CA8-B307-31D6345A2F01}"
EndProject
Project("{9A19103F-16F7-4668-BE54-9A1E7A4F7556}") = "0155. Min Stack", "0155. Min Stack\0155. Min Stack.csproj", "{F0A73AB1-1F15-4622-BBC1-858CEB082139}"
EndProject
Project("{9A19103F-16F7-4668-BE54-9A1E7A4F7556}") = "0150. Evaluate Reverse Polish Notation", "0150. Evaluate Reverse Polish Notation\0150. Evaluate Reverse Polish Notation.csproj", "{E99643EB-2460-485A-B665-16765B6C5AA3}"
EndProject
Project("{9A19103F-16F7-4668-BE54-9A1E7A4F7556}") = "0022. Generate Parentheses", "0022. Generate Parentheses\0022. Generate Parentheses.csproj", "{61097C11-6641-485C-8B82-493282B745A8}"
EndProject
Project("{9A19103F-16F7-4668-BE54-9A1E7A4F7556}") = "0739. Daily Temperatures", "0739. Daily Temperatures\0739. Daily Temperatures.csproj", "{AB47E030-2546-42F2-952B-FF6B02F8CF68}"
EndProject
Project("{9A19103F-16F7-4668-BE54-9A1E7A4F7556}") = "0853. Car Fleet", "0853. Car Fleet\0853. Car Fleet.csproj", "{F2C02A53-3D45-432A-9BC2-92F335E36CA8}"
EndProject
Project("{9A19103F-16F7-4668-BE54-9A1E7A4F7556}") = "0084. Largest Rectangle in Histogram", "0084. Largest Rectangle in Histogram\0084. Largest Rectangle in Histogram.csproj", "{D74A6314-31CE-4E9C-A95A-D5CA14990698}"
EndProject
Project("{9A19103F-16F7-4668-BE54-9A1E7A4F7556}") = "0167. Two Sum II - Input Array Is Sorted", "0167. Two Sum II - Input Array Is Sorted\0167. Two Sum II - Input Array Is Sorted.csproj", "{6D0C73B7-74F5-4B40-A871-DF163824B510}"
EndProject
Project("{9A19103F-16F7-4668-BE54-9A1E7A4F7556}") = "0042. Trapping Rain Water", "0042. Trapping Rain Water\0042. Trapping Rain Water.csproj", "{66AD4084-E833-4583-A565-6DAB621FEEFC}"
EndProject
Project("{9A19103F-16F7-4668-BE54-9A1E7A4F7556}") = "0121. Best Time to Buy and Sell Stock", "0121. Best Time to Buy and Sell Stock\0121. Best Time to Buy and Sell Stock.csproj", "{51771865-A0D2-4383-B0D6-34D41F170C9C}"
EndProject
Project("{9A19103F-16F7-4668-BE54-9A1E7A4F7556}") = "0424. Longest Repeating Character Replacement", "0424. Longest Repeating Character Replacement\0424. Longest Repeating Character Replacement.csproj", "{29E5E84D-1E0D-46CE-B8B6-373F10D55AAF}"
EndProject
Project("{9A19103F-16F7-4668-BE54-9A1E7A4F7556}") = "0567. Permutation in String", "0567. Permutation in String\0567. Permutation in String.csproj", "{E2334484-3E47-4B58-BC75-8F9C11E330C7}"
EndProject
Project("{9A19103F-16F7-4668-BE54-9A1E7A4F7556}") = "0076. Minimum Window Substring", "0076. Minimum Window Substring\0076. Minimum Window Substring.csproj", "{48C7AB7D-BBD3-4DE6-9443-5D9FDA98B93B}"
EndProject
Project("{9A19103F-16F7-4668-BE54-9A1E7A4F7556}") = "0239. Sliding Window Maximum", "0239. Sliding Window Maximum\0239. Sliding Window Maximum.csproj", "{202551F1-C429-421D-B115-C07926A6BD22}"
EndProject
Project("{FAE04EC0-301F-11D3-BF4B-00C04F79EFBC}") = "0206. Reverse Linked List", "0206. Reverse Linked List\0206. Reverse Linked List.csproj", "{815FAE0F-A438-4D85-AD9F-2E542520852B}"
EndProject
Global
	GlobalSection(SolutionConfigurationPlatforms) = preSolution
		Debug|Any CPU = Debug|Any CPU
		Release|Any CPU = Release|Any CPU
	EndGlobalSection
	GlobalSection(ProjectConfigurationPlatforms) = postSolution
		{317A3A10-C73D-4BEE-B344-23AA10C92587}.Debug|Any CPU.ActiveCfg = Debug|Any CPU
		{317A3A10-C73D-4BEE-B344-23AA10C92587}.Debug|Any CPU.Build.0 = Debug|Any CPU
		{317A3A10-C73D-4BEE-B344-23AA10C92587}.Release|Any CPU.ActiveCfg = Release|Any CPU
		{317A3A10-C73D-4BEE-B344-23AA10C92587}.Release|Any CPU.Build.0 = Release|Any CPU
		{4D800252-52E1-4C49-A825-C3B95047D7C8}.Debug|Any CPU.ActiveCfg = Debug|Any CPU
		{4D800252-52E1-4C49-A825-C3B95047D7C8}.Debug|Any CPU.Build.0 = Debug|Any CPU
		{4D800252-52E1-4C49-A825-C3B95047D7C8}.Release|Any CPU.ActiveCfg = Release|Any CPU
		{4D800252-52E1-4C49-A825-C3B95047D7C8}.Release|Any CPU.Build.0 = Release|Any CPU
		{8BA04F0A-3E86-4097-A64C-4005E4861D0D}.Debug|Any CPU.ActiveCfg = Debug|Any CPU
		{8BA04F0A-3E86-4097-A64C-4005E4861D0D}.Debug|Any CPU.Build.0 = Debug|Any CPU
		{8BA04F0A-3E86-4097-A64C-4005E4861D0D}.Release|Any CPU.ActiveCfg = Release|Any CPU
		{8BA04F0A-3E86-4097-A64C-4005E4861D0D}.Release|Any CPU.Build.0 = Release|Any CPU
		{94A88A89-D248-41B8-95BC-4C08FBA79AFF}.Debug|Any CPU.ActiveCfg = Debug|Any CPU
		{94A88A89-D248-41B8-95BC-4C08FBA79AFF}.Debug|Any CPU.Build.0 = Debug|Any CPU
		{94A88A89-D248-41B8-95BC-4C08FBA79AFF}.Release|Any CPU.ActiveCfg = Release|Any CPU
		{94A88A89-D248-41B8-95BC-4C08FBA79AFF}.Release|Any CPU.Build.0 = Release|Any CPU
		{AEA19444-1093-42E9-9D90-55BE56162CB5}.Debug|Any CPU.ActiveCfg = Debug|Any CPU
		{AEA19444-1093-42E9-9D90-55BE56162CB5}.Debug|Any CPU.Build.0 = Debug|Any CPU
		{AEA19444-1093-42E9-9D90-55BE56162CB5}.Release|Any CPU.ActiveCfg = Release|Any CPU
		{AEA19444-1093-42E9-9D90-55BE56162CB5}.Release|Any CPU.Build.0 = Release|Any CPU
		{86A63003-AE4C-42C1-821F-C6D3165855FB}.Debug|Any CPU.ActiveCfg = Debug|Any CPU
		{86A63003-AE4C-42C1-821F-C6D3165855FB}.Debug|Any CPU.Build.0 = Debug|Any CPU
		{86A63003-AE4C-42C1-821F-C6D3165855FB}.Release|Any CPU.ActiveCfg = Release|Any CPU
		{86A63003-AE4C-42C1-821F-C6D3165855FB}.Release|Any CPU.Build.0 = Release|Any CPU
		{E4349E2D-591D-48CF-A7C6-788A2FA7BE63}.Debug|Any CPU.ActiveCfg = Debug|Any CPU
		{E4349E2D-591D-48CF-A7C6-788A2FA7BE63}.Debug|Any CPU.Build.0 = Debug|Any CPU
		{E4349E2D-591D-48CF-A7C6-788A2FA7BE63}.Release|Any CPU.ActiveCfg = Release|Any CPU
		{E4349E2D-591D-48CF-A7C6-788A2FA7BE63}.Release|Any CPU.Build.0 = Release|Any CPU
		{7E1725F6-69E5-4968-A6C4-22A4077263F7}.Debug|Any CPU.ActiveCfg = Debug|Any CPU
		{7E1725F6-69E5-4968-A6C4-22A4077263F7}.Debug|Any CPU.Build.0 = Debug|Any CPU
		{7E1725F6-69E5-4968-A6C4-22A4077263F7}.Release|Any CPU.ActiveCfg = Release|Any CPU
		{7E1725F6-69E5-4968-A6C4-22A4077263F7}.Release|Any CPU.Build.0 = Release|Any CPU
		{C884C5A8-F8FA-4322-B327-27CD0AFD8351}.Debug|Any CPU.ActiveCfg = Debug|Any CPU
		{C884C5A8-F8FA-4322-B327-27CD0AFD8351}.Debug|Any CPU.Build.0 = Debug|Any CPU
		{C884C5A8-F8FA-4322-B327-27CD0AFD8351}.Release|Any CPU.ActiveCfg = Release|Any CPU
		{C884C5A8-F8FA-4322-B327-27CD0AFD8351}.Release|Any CPU.Build.0 = Release|Any CPU
		{5F917CD1-F667-4019-8964-B2C41C1D2CA7}.Debug|Any CPU.ActiveCfg = Debug|Any CPU
		{5F917CD1-F667-4019-8964-B2C41C1D2CA7}.Debug|Any CPU.Build.0 = Debug|Any CPU
		{5F917CD1-F667-4019-8964-B2C41C1D2CA7}.Release|Any CPU.ActiveCfg = Release|Any CPU
		{5F917CD1-F667-4019-8964-B2C41C1D2CA7}.Release|Any CPU.Build.0 = Release|Any CPU
		{70654DFB-427A-44FC-A6DD-EC3D75E199B1}.Debug|Any CPU.ActiveCfg = Debug|Any CPU
		{70654DFB-427A-44FC-A6DD-EC3D75E199B1}.Debug|Any CPU.Build.0 = Debug|Any CPU
		{70654DFB-427A-44FC-A6DD-EC3D75E199B1}.Release|Any CPU.ActiveCfg = Release|Any CPU
		{70654DFB-427A-44FC-A6DD-EC3D75E199B1}.Release|Any CPU.Build.0 = Release|Any CPU
		{6804A0A0-8435-4AC4-82FD-9E2EF2DF589D}.Debug|Any CPU.ActiveCfg = Debug|Any CPU
		{6804A0A0-8435-4AC4-82FD-9E2EF2DF589D}.Debug|Any CPU.Build.0 = Debug|Any CPU
		{6804A0A0-8435-4AC4-82FD-9E2EF2DF589D}.Release|Any CPU.ActiveCfg = Release|Any CPU
		{6804A0A0-8435-4AC4-82FD-9E2EF2DF589D}.Release|Any CPU.Build.0 = Release|Any CPU
		{0293A508-41E3-4424-AA9C-E6145FFFCE9B}.Debug|Any CPU.ActiveCfg = Debug|Any CPU
		{0293A508-41E3-4424-AA9C-E6145FFFCE9B}.Debug|Any CPU.Build.0 = Debug|Any CPU
		{0293A508-41E3-4424-AA9C-E6145FFFCE9B}.Release|Any CPU.ActiveCfg = Release|Any CPU
		{0293A508-41E3-4424-AA9C-E6145FFFCE9B}.Release|Any CPU.Build.0 = Release|Any CPU
		{544F19A8-3DBB-4687-8136-64E06686A852}.Debug|Any CPU.ActiveCfg = Debug|Any CPU
		{544F19A8-3DBB-4687-8136-64E06686A852}.Debug|Any CPU.Build.0 = Debug|Any CPU
		{544F19A8-3DBB-4687-8136-64E06686A852}.Release|Any CPU.ActiveCfg = Release|Any CPU
		{544F19A8-3DBB-4687-8136-64E06686A852}.Release|Any CPU.Build.0 = Release|Any CPU
		{8E365C43-B563-4743-90D6-8EAE02440719}.Debug|Any CPU.ActiveCfg = Debug|Any CPU
		{8E365C43-B563-4743-90D6-8EAE02440719}.Debug|Any CPU.Build.0 = Debug|Any CPU
		{8E365C43-B563-4743-90D6-8EAE02440719}.Release|Any CPU.ActiveCfg = Release|Any CPU
		{8E365C43-B563-4743-90D6-8EAE02440719}.Release|Any CPU.Build.0 = Release|Any CPU
		{CE8EDDA9-0467-4F55-9C9F-B4DBBCD4B6AD}.Debug|Any CPU.ActiveCfg = Debug|Any CPU
		{CE8EDDA9-0467-4F55-9C9F-B4DBBCD4B6AD}.Debug|Any CPU.Build.0 = Debug|Any CPU
		{CE8EDDA9-0467-4F55-9C9F-B4DBBCD4B6AD}.Release|Any CPU.ActiveCfg = Release|Any CPU
		{CE8EDDA9-0467-4F55-9C9F-B4DBBCD4B6AD}.Release|Any CPU.Build.0 = Release|Any CPU
		{9F0E0F64-BEC3-4E13-A006-E7323AFE9DCD}.Debug|Any CPU.ActiveCfg = Debug|Any CPU
		{9F0E0F64-BEC3-4E13-A006-E7323AFE9DCD}.Debug|Any CPU.Build.0 = Debug|Any CPU
		{9F0E0F64-BEC3-4E13-A006-E7323AFE9DCD}.Release|Any CPU.ActiveCfg = Release|Any CPU
		{9F0E0F64-BEC3-4E13-A006-E7323AFE9DCD}.Release|Any CPU.Build.0 = Release|Any CPU
		{AA453246-2F17-45C9-A4C4-E220BB242C77}.Debug|Any CPU.ActiveCfg = Debug|Any CPU
		{AA453246-2F17-45C9-A4C4-E220BB242C77}.Debug|Any CPU.Build.0 = Debug|Any CPU
		{AA453246-2F17-45C9-A4C4-E220BB242C77}.Release|Any CPU.ActiveCfg = Release|Any CPU
		{AA453246-2F17-45C9-A4C4-E220BB242C77}.Release|Any CPU.Build.0 = Release|Any CPU
		{2A131224-6F61-4110-9FD9-862C2AD6E23F}.Debug|Any CPU.ActiveCfg = Debug|Any CPU
		{2A131224-6F61-4110-9FD9-862C2AD6E23F}.Debug|Any CPU.Build.0 = Debug|Any CPU
		{2A131224-6F61-4110-9FD9-862C2AD6E23F}.Release|Any CPU.ActiveCfg = Release|Any CPU
		{2A131224-6F61-4110-9FD9-862C2AD6E23F}.Release|Any CPU.Build.0 = Release|Any CPU
		{5CAFA78B-E6EC-4125-9AA4-DC1459A80C17}.Debug|Any CPU.ActiveCfg = Debug|Any CPU
		{5CAFA78B-E6EC-4125-9AA4-DC1459A80C17}.Debug|Any CPU.Build.0 = Debug|Any CPU
		{5CAFA78B-E6EC-4125-9AA4-DC1459A80C17}.Release|Any CPU.ActiveCfg = Release|Any CPU
		{5CAFA78B-E6EC-4125-9AA4-DC1459A80C17}.Release|Any CPU.Build.0 = Release|Any CPU
		{933307B2-D483-4661-A836-5396C3834409}.Debug|Any CPU.ActiveCfg = Debug|Any CPU
		{933307B2-D483-4661-A836-5396C3834409}.Debug|Any CPU.Build.0 = Debug|Any CPU
		{933307B2-D483-4661-A836-5396C3834409}.Release|Any CPU.ActiveCfg = Release|Any CPU
		{933307B2-D483-4661-A836-5396C3834409}.Release|Any CPU.Build.0 = Release|Any CPU
		{3CC76366-475C-4B28-B416-2CB8CCF8D85B}.Debug|Any CPU.ActiveCfg = Debug|Any CPU
		{3CC76366-475C-4B28-B416-2CB8CCF8D85B}.Debug|Any CPU.Build.0 = Debug|Any CPU
		{3CC76366-475C-4B28-B416-2CB8CCF8D85B}.Release|Any CPU.ActiveCfg = Release|Any CPU
		{3CC76366-475C-4B28-B416-2CB8CCF8D85B}.Release|Any CPU.Build.0 = Release|Any CPU
		{A6C95A34-C708-4392-ABA0-7EC89C6B270D}.Debug|Any CPU.ActiveCfg = Debug|Any CPU
		{A6C95A34-C708-4392-ABA0-7EC89C6B270D}.Debug|Any CPU.Build.0 = Debug|Any CPU
		{A6C95A34-C708-4392-ABA0-7EC89C6B270D}.Release|Any CPU.ActiveCfg = Release|Any CPU
		{A6C95A34-C708-4392-ABA0-7EC89C6B270D}.Release|Any CPU.Build.0 = Release|Any CPU
		{09D4F9FC-3020-4139-AEFB-DB388B493C45}.Debug|Any CPU.ActiveCfg = Debug|Any CPU
		{09D4F9FC-3020-4139-AEFB-DB388B493C45}.Debug|Any CPU.Build.0 = Debug|Any CPU
		{09D4F9FC-3020-4139-AEFB-DB388B493C45}.Release|Any CPU.ActiveCfg = Release|Any CPU
		{09D4F9FC-3020-4139-AEFB-DB388B493C45}.Release|Any CPU.Build.0 = Release|Any CPU
		{63C6A1C4-AD01-43BA-AB0B-F6A3F6E3AF98}.Debug|Any CPU.ActiveCfg = Debug|Any CPU
		{63C6A1C4-AD01-43BA-AB0B-F6A3F6E3AF98}.Debug|Any CPU.Build.0 = Debug|Any CPU
		{63C6A1C4-AD01-43BA-AB0B-F6A3F6E3AF98}.Release|Any CPU.ActiveCfg = Release|Any CPU
		{63C6A1C4-AD01-43BA-AB0B-F6A3F6E3AF98}.Release|Any CPU.Build.0 = Release|Any CPU
		{6E9F6211-7019-4117-AD2C-C8DD9653F045}.Debug|Any CPU.ActiveCfg = Debug|Any CPU
		{6E9F6211-7019-4117-AD2C-C8DD9653F045}.Debug|Any CPU.Build.0 = Debug|Any CPU
		{6E9F6211-7019-4117-AD2C-C8DD9653F045}.Release|Any CPU.ActiveCfg = Release|Any CPU
		{6E9F6211-7019-4117-AD2C-C8DD9653F045}.Release|Any CPU.Build.0 = Release|Any CPU
		{CFF241E9-080D-4CA8-B307-31D6345A2F01}.Debug|Any CPU.ActiveCfg = Debug|Any CPU
		{CFF241E9-080D-4CA8-B307-31D6345A2F01}.Debug|Any CPU.Build.0 = Debug|Any CPU
		{CFF241E9-080D-4CA8-B307-31D6345A2F01}.Release|Any CPU.ActiveCfg = Release|Any CPU
		{CFF241E9-080D-4CA8-B307-31D6345A2F01}.Release|Any CPU.Build.0 = Release|Any CPU
		{F0A73AB1-1F15-4622-BBC1-858CEB082139}.Debug|Any CPU.ActiveCfg = Debug|Any CPU
		{F0A73AB1-1F15-4622-BBC1-858CEB082139}.Debug|Any CPU.Build.0 = Debug|Any CPU
		{F0A73AB1-1F15-4622-BBC1-858CEB082139}.Release|Any CPU.ActiveCfg = Release|Any CPU
		{F0A73AB1-1F15-4622-BBC1-858CEB082139}.Release|Any CPU.Build.0 = Release|Any CPU
		{E99643EB-2460-485A-B665-16765B6C5AA3}.Debug|Any CPU.ActiveCfg = Debug|Any CPU
		{E99643EB-2460-485A-B665-16765B6C5AA3}.Debug|Any CPU.Build.0 = Debug|Any CPU
		{E99643EB-2460-485A-B665-16765B6C5AA3}.Release|Any CPU.ActiveCfg = Release|Any CPU
		{E99643EB-2460-485A-B665-16765B6C5AA3}.Release|Any CPU.Build.0 = Release|Any CPU
		{61097C11-6641-485C-8B82-493282B745A8}.Debug|Any CPU.ActiveCfg = Debug|Any CPU
		{61097C11-6641-485C-8B82-493282B745A8}.Debug|Any CPU.Build.0 = Debug|Any CPU
		{61097C11-6641-485C-8B82-493282B745A8}.Release|Any CPU.ActiveCfg = Release|Any CPU
		{61097C11-6641-485C-8B82-493282B745A8}.Release|Any CPU.Build.0 = Release|Any CPU
		{AB47E030-2546-42F2-952B-FF6B02F8CF68}.Debug|Any CPU.ActiveCfg = Debug|Any CPU
		{AB47E030-2546-42F2-952B-FF6B02F8CF68}.Debug|Any CPU.Build.0 = Debug|Any CPU
		{AB47E030-2546-42F2-952B-FF6B02F8CF68}.Release|Any CPU.ActiveCfg = Release|Any CPU
		{AB47E030-2546-42F2-952B-FF6B02F8CF68}.Release|Any CPU.Build.0 = Release|Any CPU
		{F2C02A53-3D45-432A-9BC2-92F335E36CA8}.Debug|Any CPU.ActiveCfg = Debug|Any CPU
		{F2C02A53-3D45-432A-9BC2-92F335E36CA8}.Debug|Any CPU.Build.0 = Debug|Any CPU
		{F2C02A53-3D45-432A-9BC2-92F335E36CA8}.Release|Any CPU.ActiveCfg = Release|Any CPU
		{F2C02A53-3D45-432A-9BC2-92F335E36CA8}.Release|Any CPU.Build.0 = Release|Any CPU
		{D74A6314-31CE-4E9C-A95A-D5CA14990698}.Debug|Any CPU.ActiveCfg = Debug|Any CPU
		{D74A6314-31CE-4E9C-A95A-D5CA14990698}.Debug|Any CPU.Build.0 = Debug|Any CPU
		{D74A6314-31CE-4E9C-A95A-D5CA14990698}.Release|Any CPU.ActiveCfg = Release|Any CPU
		{D74A6314-31CE-4E9C-A95A-D5CA14990698}.Release|Any CPU.Build.0 = Release|Any CPU
		{6D0C73B7-74F5-4B40-A871-DF163824B510}.Debug|Any CPU.ActiveCfg = Debug|Any CPU
		{6D0C73B7-74F5-4B40-A871-DF163824B510}.Debug|Any CPU.Build.0 = Debug|Any CPU
		{6D0C73B7-74F5-4B40-A871-DF163824B510}.Release|Any CPU.ActiveCfg = Release|Any CPU
		{6D0C73B7-74F5-4B40-A871-DF163824B510}.Release|Any CPU.Build.0 = Release|Any CPU
		{66AD4084-E833-4583-A565-6DAB621FEEFC}.Debug|Any CPU.ActiveCfg = Debug|Any CPU
		{66AD4084-E833-4583-A565-6DAB621FEEFC}.Debug|Any CPU.Build.0 = Debug|Any CPU
		{66AD4084-E833-4583-A565-6DAB621FEEFC}.Release|Any CPU.ActiveCfg = Release|Any CPU
		{66AD4084-E833-4583-A565-6DAB621FEEFC}.Release|Any CPU.Build.0 = Release|Any CPU
		{51771865-A0D2-4383-B0D6-34D41F170C9C}.Debug|Any CPU.ActiveCfg = Debug|Any CPU
		{51771865-A0D2-4383-B0D6-34D41F170C9C}.Debug|Any CPU.Build.0 = Debug|Any CPU
		{51771865-A0D2-4383-B0D6-34D41F170C9C}.Release|Any CPU.ActiveCfg = Release|Any CPU
		{51771865-A0D2-4383-B0D6-34D41F170C9C}.Release|Any CPU.Build.0 = Release|Any CPU
		{29E5E84D-1E0D-46CE-B8B6-373F10D55AAF}.Debug|Any CPU.ActiveCfg = Debug|Any CPU
		{29E5E84D-1E0D-46CE-B8B6-373F10D55AAF}.Debug|Any CPU.Build.0 = Debug|Any CPU
		{29E5E84D-1E0D-46CE-B8B6-373F10D55AAF}.Release|Any CPU.ActiveCfg = Release|Any CPU
		{29E5E84D-1E0D-46CE-B8B6-373F10D55AAF}.Release|Any CPU.Build.0 = Release|Any CPU
		{E2334484-3E47-4B58-BC75-8F9C11E330C7}.Debug|Any CPU.ActiveCfg = Debug|Any CPU
		{E2334484-3E47-4B58-BC75-8F9C11E330C7}.Debug|Any CPU.Build.0 = Debug|Any CPU
		{E2334484-3E47-4B58-BC75-8F9C11E330C7}.Release|Any CPU.ActiveCfg = Release|Any CPU
		{E2334484-3E47-4B58-BC75-8F9C11E330C7}.Release|Any CPU.Build.0 = Release|Any CPU
		{48C7AB7D-BBD3-4DE6-9443-5D9FDA98B93B}.Debug|Any CPU.ActiveCfg = Debug|Any CPU
		{48C7AB7D-BBD3-4DE6-9443-5D9FDA98B93B}.Debug|Any CPU.Build.0 = Debug|Any CPU
		{48C7AB7D-BBD3-4DE6-9443-5D9FDA98B93B}.Release|Any CPU.ActiveCfg = Release|Any CPU
		{48C7AB7D-BBD3-4DE6-9443-5D9FDA98B93B}.Release|Any CPU.Build.0 = Release|Any CPU
		{202551F1-C429-421D-B115-C07926A6BD22}.Debug|Any CPU.ActiveCfg = Debug|Any CPU
		{202551F1-C429-421D-B115-C07926A6BD22}.Debug|Any CPU.Build.0 = Debug|Any CPU
		{202551F1-C429-421D-B115-C07926A6BD22}.Release|Any CPU.ActiveCfg = Release|Any CPU
		{202551F1-C429-421D-B115-C07926A6BD22}.Release|Any CPU.Build.0 = Release|Any CPU
		{815FAE0F-A438-4D85-AD9F-2E542520852B}.Debug|Any CPU.ActiveCfg = Debug|Any CPU
		{815FAE0F-A438-4D85-AD9F-2E542520852B}.Debug|Any CPU.Build.0 = Debug|Any CPU
		{815FAE0F-A438-4D85-AD9F-2E542520852B}.Release|Any CPU.ActiveCfg = Release|Any CPU
		{815FAE0F-A438-4D85-AD9F-2E542520852B}.Release|Any CPU.Build.0 = Release|Any CPU
	EndGlobalSection
	GlobalSection(SolutionProperties) = preSolution
		HideSolutionNode = FALSE
	EndGlobalSection
	GlobalSection(ExtensibilityGlobals) = postSolution
		SolutionGuid = {5DBE12CE-BF96-46C4-8317-B0029ED7978C}
	EndGlobalSection
EndGlobal
